
Microsoft Visual Studio Solution File, Format Version 12.00
# Visual Studio 15
VisualStudioVersion = 15.0.28307.757
MinimumVisualStudioVersion = 10.0.40219.1
Project("{FAE04EC0-301F-11D3-BF4B-00C04F79EFBC}") = "SalesWebMvc", "SalesWebMvc\SalesWebMvc.csproj", "{AD12E9AC-8412-4982-A6E0-8D9956694342}"
EndProject
Global
	GlobalSection(SolutionConfigurationPlatforms) = preSolution
		Debug|Any CPU = Debug|Any CPU
		Release|Any CPU = Release|Any CPU
	EndGlobalSection
	GlobalSection(ProjectConfigurationPlatforms) = postSolution
		{AD12E9AC-8412-4982-A6E0-8D9956694342}.Debug|Any CPU.ActiveCfg = Debug|Any CPU
		{AD12E9AC-8412-4982-A6E0-8D9956694342}.Debug|Any CPU.Build.0 = Debug|Any CPU
		{AD12E9AC-8412-4982-A6E0-8D9956694342}.Release|Any CPU.ActiveCfg = Release|Any CPU
		{AD12E9AC-8412-4982-A6E0-8D9956694342}.Release|Any CPU.Build.0 = Release|Any CPU
	EndGlobalSection
	GlobalSection(SolutionProperties) = preSolution
		HideSolutionNode = FALSE
	EndGlobalSection
	GlobalSection(ExtensibilityGlobals) = postSolution
		SolutionGuid = {EEE8EE48-2566-4896-9C3A-2FD7DF6F40CF}
	EndGlobalSection
EndGlobal
